
Microsoft Visual Studio Solution File, Format Version 12.00
# Visual Studio Version 17
VisualStudioVersion = 17.13.35806.99 d17.13
MinimumVisualStudioVersion = 10.0.40219.1
Project("{FAE04EC0-301F-11D3-BF4B-00C04F79EFBC}") = "CalculationLibrary", "CalculationLibrary\CalculationLibrary.csproj", "{A1CA035E-9CD6-4668-8CD2-8643207BC55C}"
EndProject
Project("{FAE04EC0-301F-11D3-BF4B-00C04F79EFBC}") = "CalculationLibrary.Tests", "CalculationLibrary.Tests\CalculationLibrary.Tests.csproj", "{C14FB0AD-1F65-465A-B4A3-AC38A91C839B}"
EndProject
Global
	GlobalSection(SolutionConfigurationPlatforms) = preSolution
		Debug|Any CPU = Debug|Any CPU
		Release|Any CPU = Release|Any CPU
	EndGlobalSection
	GlobalSection(ProjectConfigurationPlatforms) = postSolution
		{A1CA035E-9CD6-4668-8CD2-8643207BC55C}.Debug|Any CPU.ActiveCfg = Debug|Any CPU
		{A1CA035E-9CD6-4668-8CD2-8643207BC55C}.Debug|Any CPU.Build.0 = Debug|Any CPU
		{A1CA035E-9CD6-4668-8CD2-8643207BC55C}.Release|Any CPU.ActiveCfg = Release|Any CPU
		{A1CA035E-9CD6-4668-8CD2-8643207BC55C}.Release|Any CPU.Build.0 = Release|Any CPU
		{C14FB0AD-1F65-465A-B4A3-AC38A91C839B}.Debug|Any CPU.ActiveCfg = Debug|Any CPU
		{C14FB0AD-1F65-465A-B4A3-AC38A91C839B}.Debug|Any CPU.Build.0 = Debug|Any CPU
		{C14FB0AD-1F65-465A-B4A3-AC38A91C839B}.Release|Any CPU.ActiveCfg = Release|Any CPU
		{C14FB0AD-1F65-465A-B4A3-AC38A91C839B}.Release|Any CPU.Build.0 = Release|Any CPU
	EndGlobalSection
	GlobalSection(SolutionProperties) = preSolution
		HideSolutionNode = FALSE
	EndGlobalSection
	GlobalSection(ExtensibilityGlobals) = postSolution
		SolutionGuid = {7E906FAF-3953-4047-879B-4200DE2271FB}
	EndGlobalSection
EndGlobal
