
Microsoft Visual Studio Solution File, Format Version 12.00
# Visual Studio Version 16
VisualStudioVersion = 16.0.28902.138
MinimumVisualStudioVersion = 10.0.40219.1
Project("{FAE04EC0-301F-11D3-BF4B-00C04F79EFBC}") = "ExtensionMethods", "ExtensionMethods\ExtensionMethods.csproj", "{9F96F6AE-3F9E-4364-8A61-166D6C6DA04A}"
EndProject
Global
	GlobalSection(SolutionConfigurationPlatforms) = preSolution
		Debug|Any CPU = Debug|Any CPU
		Release|Any CPU = Release|Any CPU
	EndGlobalSection
	GlobalSection(ProjectConfigurationPlatforms) = postSolution
		{9F96F6AE-3F9E-4364-8A61-166D6C6DA04A}.Debug|Any CPU.ActiveCfg = Debug|Any CPU
		{9F96F6AE-3F9E-4364-8A61-166D6C6DA04A}.Debug|Any CPU.Build.0 = Debug|Any CPU
		{9F96F6AE-3F9E-4364-8A61-166D6C6DA04A}.Release|Any CPU.ActiveCfg = Release|Any CPU
		{9F96F6AE-3F9E-4364-8A61-166D6C6DA04A}.Release|Any CPU.Build.0 = Release|Any CPU
	EndGlobalSection
	GlobalSection(SolutionProperties) = preSolution
		HideSolutionNode = FALSE
	EndGlobalSection
	GlobalSection(ExtensibilityGlobals) = postSolution
		SolutionGuid = {87932EF5-2F9A-4F6B-88E1-19DEE1BACD35}
	EndGlobalSection
EndGlobal
