
Microsoft Visual Studio Solution File, Format Version 12.00
# Visual Studio Version 16
VisualStudioVersion = 16.0.28902.138
MinimumVisualStudioVersion = 10.0.40219.1
Project("{FAE04EC0-301F-11D3-BF4B-00C04F79EFBC}") = "AccessModifiersDemo", "AccessModifiersDemo\AccessModifiersDemo.csproj", "{AE5354CD-118D-4AD2-8D83-2283E21BC3DE}"
EndProject
Project("{FAE04EC0-301F-11D3-BF4B-00C04F79EFBC}") = "DemoLibrary", "DemoLibrary\DemoLibrary.csproj", "{4748EF16-27BE-458D-A08A-A0F5FA2F0AFC}"
EndProject
Global
	GlobalSection(SolutionConfigurationPlatforms) = preSolution
		Debug|Any CPU = Debug|Any CPU
		Release|Any CPU = Release|Any CPU
	EndGlobalSection
	GlobalSection(ProjectConfigurationPlatforms) = postSolution
		{AE5354CD-118D-4AD2-8D83-2283E21BC3DE}.Debug|Any CPU.ActiveCfg = Debug|Any CPU
		{AE5354CD-118D-4AD2-8D83-2283E21BC3DE}.Debug|Any CPU.Build.0 = Debug|Any CPU
		{AE5354CD-118D-4AD2-8D83-2283E21BC3DE}.Release|Any CPU.ActiveCfg = Release|Any CPU
		{AE5354CD-118D-4AD2-8D83-2283E21BC3DE}.Release|Any CPU.Build.0 = Release|Any CPU
		{4748EF16-27BE-458D-A08A-A0F5FA2F0AFC}.Debug|Any CPU.ActiveCfg = Debug|Any CPU
		{4748EF16-27BE-458D-A08A-A0F5FA2F0AFC}.Debug|Any CPU.Build.0 = Debug|Any CPU
		{4748EF16-27BE-458D-A08A-A0F5FA2F0AFC}.Release|Any CPU.ActiveCfg = Release|Any CPU
		{4748EF16-27BE-458D-A08A-A0F5FA2F0AFC}.Release|Any CPU.Build.0 = Release|Any CPU
	EndGlobalSection
	GlobalSection(SolutionProperties) = preSolution
		HideSolutionNode = FALSE
	EndGlobalSection
	GlobalSection(ExtensibilityGlobals) = postSolution
		SolutionGuid = {21D919DA-94D4-47B6-BBA7-F16D9BD8925B}
	EndGlobalSection
EndGlobal
