
Microsoft Visual Studio Solution File, Format Version 12.00
# Visual Studio Version 17
VisualStudioVersion = 17.14.36301.6 d17.14
MinimumVisualStudioVersion = 10.0.40219.1
Project("{FAE04EC0-301F-11D3-BF4B-00C04F79EFBC}") = "EFConsoleUI", "EFConsoleUI\EFConsoleUI.csproj", "{923E7532-E6EC-4B90-8E0D-A04196896FF3}"
EndProject
Global
	GlobalSection(SolutionConfigurationPlatforms) = preSolution
		Debug|Any CPU = Debug|Any CPU
		Release|Any CPU = Release|Any CPU
	EndGlobalSection
	GlobalSection(ProjectConfigurationPlatforms) = postSolution
		{923E7532-E6EC-4B90-8E0D-A04196896FF3}.Debug|Any CPU.ActiveCfg = Debug|Any CPU
		{923E7532-E6EC-4B90-8E0D-A04196896FF3}.Debug|Any CPU.Build.0 = Debug|Any CPU
		{923E7532-E6EC-4B90-8E0D-A04196896FF3}.Release|Any CPU.ActiveCfg = Release|Any CPU
		{923E7532-E6EC-4B90-8E0D-A04196896FF3}.Release|Any CPU.Build.0 = Release|Any CPU
	EndGlobalSection
	GlobalSection(SolutionProperties) = preSolution
		HideSolutionNode = FALSE
	EndGlobalSection
	GlobalSection(ExtensibilityGlobals) = postSolution
		SolutionGuid = {DE5712C6-9637-4A29-A646-A25615F8884F}
	EndGlobalSection
EndGlobal
