
Microsoft Visual Studio Solution File, Format Version 12.00
# Visual Studio Version 16
VisualStudioVersion = 16.0.28902.138
MinimumVisualStudioVersion = 10.0.40219.1
Project("{FAE04EC0-301F-11D3-BF4B-00C04F79EFBC}") = "WrapUpDemo", "WrapUpDemo\WrapUpDemo.csproj", "{677D83B9-6EFB-42AD-866F-C04C084243A5}"
EndProject
Global
	GlobalSection(SolutionConfigurationPlatforms) = preSolution
		Debug|Any CPU = Debug|Any CPU
		Release|Any CPU = Release|Any CPU
	EndGlobalSection
	GlobalSection(ProjectConfigurationPlatforms) = postSolution
		{677D83B9-6EFB-42AD-866F-C04C084243A5}.Debug|Any CPU.ActiveCfg = Debug|Any CPU
		{677D83B9-6EFB-42AD-866F-C04C084243A5}.Debug|Any CPU.Build.0 = Debug|Any CPU
		{677D83B9-6EFB-42AD-866F-C04C084243A5}.Release|Any CPU.ActiveCfg = Release|Any CPU
		{677D83B9-6EFB-42AD-866F-C04C084243A5}.Release|Any CPU.Build.0 = Release|Any CPU
	EndGlobalSection
	GlobalSection(SolutionProperties) = preSolution
		HideSolutionNode = FALSE
	EndGlobalSection
	GlobalSection(ExtensibilityGlobals) = postSolution
		SolutionGuid = {1A2A0D42-A0B2-4143-B0E1-101AD72A8CF5}
	EndGlobalSection
EndGlobal
