
Microsoft Visual Studio Solution File, Format Version 12.00
# Visual Studio Version 17
VisualStudioVersion = 17.14.36109.1 d17.14
MinimumVisualStudioVersion = 10.0.40219.1
Project("{FAE04EC0-301F-11D3-BF4B-00C04F79EFBC}") = "TextFileUI", "TextFileUI\TextFileUI.csproj", "{3D629604-7BE4-4A68-AF7D-CBBD173830D9}"
EndProject
Global
	GlobalSection(SolutionConfigurationPlatforms) = preSolution
		Debug|Any CPU = Debug|Any CPU
		Release|Any CPU = Release|Any CPU
	EndGlobalSection
	GlobalSection(ProjectConfigurationPlatforms) = postSolution
		{3D629604-7BE4-4A68-AF7D-CBBD173830D9}.Debug|Any CPU.ActiveCfg = Debug|Any CPU
		{3D629604-7BE4-4A68-AF7D-CBBD173830D9}.Debug|Any CPU.Build.0 = Debug|Any CPU
		{3D629604-7BE4-4A68-AF7D-CBBD173830D9}.Release|Any CPU.ActiveCfg = Release|Any CPU
		{3D629604-7BE4-4A68-AF7D-CBBD173830D9}.Release|Any CPU.Build.0 = Release|Any CPU
	EndGlobalSection
	GlobalSection(SolutionProperties) = preSolution
		HideSolutionNode = FALSE
	EndGlobalSection
	GlobalSection(ExtensibilityGlobals) = postSolution
		SolutionGuid = {770EBC32-A066-46DB-A730-5E94986A9D9D}
	EndGlobalSection
EndGlobal
