
Microsoft Visual Studio Solution File, Format Version 12.00
# Visual Studio Version 17
VisualStudioVersion = 17.13.35806.99
MinimumVisualStudioVersion = 10.0.40219.1
Project("{FAE04EC0-301F-11D3-BF4B-00C04F79EFBC}") = "BlazorServerMessageWall", "BlazorServerMessageWall\BlazorServerMessageWall.csproj", "{8A809D56-6DA5-485B-9176-935979B31408}"
EndProject
Global
	GlobalSection(SolutionConfigurationPlatforms) = preSolution
		Debug|Any CPU = Debug|Any CPU
		Release|Any CPU = Release|Any CPU
	EndGlobalSection
	GlobalSection(ProjectConfigurationPlatforms) = postSolution
		{8A809D56-6DA5-485B-9176-935979B31408}.Debug|Any CPU.ActiveCfg = Debug|Any CPU
		{8A809D56-6DA5-485B-9176-935979B31408}.Debug|Any CPU.Build.0 = Debug|Any CPU
		{8A809D56-6DA5-485B-9176-935979B31408}.Release|Any CPU.ActiveCfg = Release|Any CPU
		{8A809D56-6DA5-485B-9176-935979B31408}.Release|Any CPU.Build.0 = Release|Any CPU
	EndGlobalSection
	GlobalSection(SolutionProperties) = preSolution
		HideSolutionNode = FALSE
	EndGlobalSection
	GlobalSection(ExtensibilityGlobals) = postSolution
		SolutionGuid = {0ECC6C0E-8911-4BB5-90DA-828AA13B7662}
	EndGlobalSection
EndGlobal
