
Microsoft Visual Studio Solution File, Format Version 12.00
# Visual Studio Version 17
VisualStudioVersion = 17.13.35806.99 d17.13
MinimumVisualStudioVersion = 10.0.40219.1
Project("{FAE04EC0-301F-11D3-BF4B-00C04F79EFBC}") = "BlazorServerMessageWall", "BlazorServerMessageWall\BlazorServerMessageWall.csproj", "{910E20BB-0501-49C1-A5A5-6377F151EFCE}"
EndProject
Global
	GlobalSection(SolutionConfigurationPlatforms) = preSolution
		Debug|Any CPU = Debug|Any CPU
		Release|Any CPU = Release|Any CPU
	EndGlobalSection
	GlobalSection(ProjectConfigurationPlatforms) = postSolution
		{910E20BB-0501-49C1-A5A5-6377F151EFCE}.Debug|Any CPU.ActiveCfg = Debug|Any CPU
		{910E20BB-0501-49C1-A5A5-6377F151EFCE}.Debug|Any CPU.Build.0 = Debug|Any CPU
		{910E20BB-0501-49C1-A5A5-6377F151EFCE}.Release|Any CPU.ActiveCfg = Release|Any CPU
		{910E20BB-0501-49C1-A5A5-6377F151EFCE}.Release|Any CPU.Build.0 = Release|Any CPU
	EndGlobalSection
	GlobalSection(SolutionProperties) = preSolution
		HideSolutionNode = FALSE
	EndGlobalSection
	GlobalSection(ExtensibilityGlobals) = postSolution
		SolutionGuid = {2956190C-5E6D-491F-8FFA-DD5A544060EA}
	EndGlobalSection
EndGlobal
