
Microsoft Visual Studio Solution File, Format Version 12.00
# Visual Studio Version 17
VisualStudioVersion = 17.13.35806.99 d17.13
MinimumVisualStudioVersion = 10.0.40219.1
Project("{FAE04EC0-301F-11D3-BF4B-00C04F79EFBC}") = "RazorPagesTest", "RazorPagesTest\RazorPagesTest.csproj", "{94025F97-0808-4CB4-AC83-9BA5EFF0F34D}"
EndProject
Global
	GlobalSection(SolutionConfigurationPlatforms) = preSolution
		Debug|Any CPU = Debug|Any CPU
		Release|Any CPU = Release|Any CPU
	EndGlobalSection
	GlobalSection(ProjectConfigurationPlatforms) = postSolution
		{94025F97-0808-4CB4-AC83-9BA5EFF0F34D}.Debug|Any CPU.ActiveCfg = Debug|Any CPU
		{94025F97-0808-4CB4-AC83-9BA5EFF0F34D}.Debug|Any CPU.Build.0 = Debug|Any CPU
		{94025F97-0808-4CB4-AC83-9BA5EFF0F34D}.Release|Any CPU.ActiveCfg = Release|Any CPU
		{94025F97-0808-4CB4-AC83-9BA5EFF0F34D}.Release|Any CPU.Build.0 = Release|Any CPU
	EndGlobalSection
	GlobalSection(SolutionProperties) = preSolution
		HideSolutionNode = FALSE
	EndGlobalSection
	GlobalSection(ExtensibilityGlobals) = postSolution
		SolutionGuid = {B6AFFEF5-B74B-4514-B473-CE1A2A3C59E5}
	EndGlobalSection
EndGlobal
