
Microsoft Visual Studio Solution File, Format Version 12.00
# Visual Studio Version 16
VisualStudioVersion = 16.0.29209.152
MinimumVisualStudioVersion = 10.0.40219.1
Project("{FAE04EC0-301F-11D3-BF4B-00C04F79EFBC}") = "WinFormMiniProject", "WinFormMiniProject\WinFormMiniProject.csproj", "{19DBB8E7-8664-4F88-9F7E-746389188B4F}"
EndProject
Project("{FAE04EC0-301F-11D3-BF4B-00C04F79EFBC}") = "DemoLibrary", "DemoLibrary\DemoLibrary.csproj", "{00B57292-F4B9-4491-A92D-410184A7CC9F}"
EndProject
Global
	GlobalSection(SolutionConfigurationPlatforms) = preSolution
		Debug|Any CPU = Debug|Any CPU
		Release|Any CPU = Release|Any CPU
	EndGlobalSection
	GlobalSection(ProjectConfigurationPlatforms) = postSolution
		{19DBB8E7-8664-4F88-9F7E-746389188B4F}.Debug|Any CPU.ActiveCfg = Debug|Any CPU
		{19DBB8E7-8664-4F88-9F7E-746389188B4F}.Debug|Any CPU.Build.0 = Debug|Any CPU
		{19DBB8E7-8664-4F88-9F7E-746389188B4F}.Release|Any CPU.ActiveCfg = Release|Any CPU
		{19DBB8E7-8664-4F88-9F7E-746389188B4F}.Release|Any CPU.Build.0 = Release|Any CPU
		{00B57292-F4B9-4491-A92D-410184A7CC9F}.Debug|Any CPU.ActiveCfg = Debug|Any CPU
		{00B57292-F4B9-4491-A92D-410184A7CC9F}.Debug|Any CPU.Build.0 = Debug|Any CPU
		{00B57292-F4B9-4491-A92D-410184A7CC9F}.Release|Any CPU.ActiveCfg = Release|Any CPU
		{00B57292-F4B9-4491-A92D-410184A7CC9F}.Release|Any CPU.Build.0 = Release|Any CPU
	EndGlobalSection
	GlobalSection(SolutionProperties) = preSolution
		HideSolutionNode = FALSE
	EndGlobalSection
	GlobalSection(ExtensibilityGlobals) = postSolution
		SolutionGuid = {03D8279D-8C75-4149-B27E-C4929556A68B}
	EndGlobalSection
EndGlobal
