
Microsoft Visual Studio Solution File, Format Version 12.00
# Visual Studio Version 17
VisualStudioVersion = 17.14.36109.1
MinimumVisualStudioVersion = 10.0.40219.1
Project("{FAE04EC0-301F-11D3-BF4B-00C04F79EFBC}") = "MongoDBUI", "MongoDBUI\MongoDBUI.csproj", "{6D851044-4C31-40A7-B6DF-4122D57431C2}"
EndProject
Project("{FAE04EC0-301F-11D3-BF4B-00C04F79EFBC}") = "DataAccessLibrary", "DataAccessLibrary\DataAccessLibrary.csproj", "{7ADC1312-E13D-4734-9438-8B9E06194DEB}"
EndProject
Global
	GlobalSection(SolutionConfigurationPlatforms) = preSolution
		Debug|Any CPU = Debug|Any CPU
		Release|Any CPU = Release|Any CPU
	EndGlobalSection
	GlobalSection(ProjectConfigurationPlatforms) = postSolution
		{6D851044-4C31-40A7-B6DF-4122D57431C2}.Debug|Any CPU.ActiveCfg = Debug|Any CPU
		{6D851044-4C31-40A7-B6DF-4122D57431C2}.Debug|Any CPU.Build.0 = Debug|Any CPU
		{6D851044-4C31-40A7-B6DF-4122D57431C2}.Release|Any CPU.ActiveCfg = Release|Any CPU
		{6D851044-4C31-40A7-B6DF-4122D57431C2}.Release|Any CPU.Build.0 = Release|Any CPU
		{7ADC1312-E13D-4734-9438-8B9E06194DEB}.Debug|Any CPU.ActiveCfg = Debug|Any CPU
		{7ADC1312-E13D-4734-9438-8B9E06194DEB}.Debug|Any CPU.Build.0 = Debug|Any CPU
		{7ADC1312-E13D-4734-9438-8B9E06194DEB}.Release|Any CPU.ActiveCfg = Release|Any CPU
		{7ADC1312-E13D-4734-9438-8B9E06194DEB}.Release|Any CPU.Build.0 = Release|Any CPU
	EndGlobalSection
	GlobalSection(SolutionProperties) = preSolution
		HideSolutionNode = FALSE
	EndGlobalSection
	GlobalSection(ExtensibilityGlobals) = postSolution
		SolutionGuid = {7A2112AF-262B-429C-A600-11C8DA53E568}
	EndGlobalSection
EndGlobal
