
Microsoft Visual Studio Solution File, Format Version 12.00
# Visual Studio Version 17
VisualStudioVersion = 17.0.31919.166
MinimumVisualStudioVersion = 10.0.40219.1
Project("{FAE04EC0-301F-11D3-BF4B-00C04F79EFBC}") = "GreetingApp", "GreetingApp\GreetingApp.csproj", "{9DFA6C56-D2A6-4D98-8134-B501D12B96A2}"
EndProject
Global
	GlobalSection(SolutionConfigurationPlatforms) = preSolution
		Debug|Any CPU = Debug|Any CPU
		Release|Any CPU = Release|Any CPU
	EndGlobalSection
	GlobalSection(ProjectConfigurationPlatforms) = postSolution
		{9DFA6C56-D2A6-4D98-8134-B501D12B96A2}.Debug|Any CPU.ActiveCfg = Debug|Any CPU
		{9DFA6C56-D2A6-4D98-8134-B501D12B96A2}.Debug|Any CPU.Build.0 = Debug|Any CPU
		{9DFA6C56-D2A6-4D98-8134-B501D12B96A2}.Release|Any CPU.ActiveCfg = Release|Any CPU
		{9DFA6C56-D2A6-4D98-8134-B501D12B96A2}.Release|Any CPU.Build.0 = Release|Any CPU
	EndGlobalSection
	GlobalSection(SolutionProperties) = preSolution
		HideSolutionNode = FALSE
	EndGlobalSection
	GlobalSection(ExtensibilityGlobals) = postSolution
		SolutionGuid = {1C82FEA3-3FC9-46E6-B8FD-699B56727BBC}
	EndGlobalSection
EndGlobal
