
Microsoft Visual Studio Solution File, Format Version 12.00
# Visual Studio Version 17
VisualStudioVersion = 17.0.31825.309
MinimumVisualStudioVersion = 10.0.40219.1
Project("{FAE04EC0-301F-11D3-BF4B-00C04F79EFBC}") = "DoubleVariables", "DoubleVariables\DoubleVariables.csproj", "{FD4B9E90-AF86-46E1-85AA-BD153B76BA45}"
EndProject
Global
	GlobalSection(SolutionConfigurationPlatforms) = preSolution
		Debug|Any CPU = Debug|Any CPU
		Release|Any CPU = Release|Any CPU
	EndGlobalSection
	GlobalSection(ProjectConfigurationPlatforms) = postSolution
		{FD4B9E90-AF86-46E1-85AA-BD153B76BA45}.Debug|Any CPU.ActiveCfg = Debug|Any CPU
		{FD4B9E90-AF86-46E1-85AA-BD153B76BA45}.Debug|Any CPU.Build.0 = Debug|Any CPU
		{FD4B9E90-AF86-46E1-85AA-BD153B76BA45}.Release|Any CPU.ActiveCfg = Release|Any CPU
		{FD4B9E90-AF86-46E1-85AA-BD153B76BA45}.Release|Any CPU.Build.0 = Release|Any CPU
	EndGlobalSection
	GlobalSection(SolutionProperties) = preSolution
		HideSolutionNode = FALSE
	EndGlobalSection
	GlobalSection(ExtensibilityGlobals) = postSolution
		SolutionGuid = {4E4B4B32-9F88-47A7-9463-9083660FF970}
	EndGlobalSection
EndGlobal
