
Microsoft Visual Studio Solution File, Format Version 12.00
# Visual Studio Version 17
VisualStudioVersion = 17.13.35806.99 d17.13
MinimumVisualStudioVersion = 10.0.40219.1
Project("{FAE04EC0-301F-11D3-BF4B-00C04F79EFBC}") = "ConsoleUI", "ConsoleUI\ConsoleUI.csproj", "{FC49E26B-C744-4D04-9CEC-14F0B25763A9}"
EndProject
Global
	GlobalSection(SolutionConfigurationPlatforms) = preSolution
		Debug|Any CPU = Debug|Any CPU
		Release|Any CPU = Release|Any CPU
	EndGlobalSection
	GlobalSection(ProjectConfigurationPlatforms) = postSolution
		{FC49E26B-C744-4D04-9CEC-14F0B25763A9}.Debug|Any CPU.ActiveCfg = Debug|Any CPU
		{FC49E26B-C744-4D04-9CEC-14F0B25763A9}.Debug|Any CPU.Build.0 = Debug|Any CPU
		{FC49E26B-C744-4D04-9CEC-14F0B25763A9}.Release|Any CPU.ActiveCfg = Release|Any CPU
		{FC49E26B-C744-4D04-9CEC-14F0B25763A9}.Release|Any CPU.Build.0 = Release|Any CPU
	EndGlobalSection
	GlobalSection(SolutionProperties) = preSolution
		HideSolutionNode = FALSE
	EndGlobalSection
	GlobalSection(ExtensibilityGlobals) = postSolution
		SolutionGuid = {8F320F4A-ACD7-4848-8C63-EDDE20F32D30}
	EndGlobalSection
EndGlobal
