
Microsoft Visual Studio Solution File, Format Version 12.00
# Visual Studio Version 17
VisualStudioVersion = 17.13.35806.99 d17.13
MinimumVisualStudioVersion = 10.0.40219.1
Project("{FAE04EC0-301F-11D3-BF4B-00C04F79EFBC}") = "ConsoleUI", "ConsoleUI\ConsoleUI.csproj", "{24FA0B09-927F-4955-ACFF-A5D9E860A24D}"
EndProject
Project("{FAE04EC0-301F-11D3-BF4B-00C04F79EFBC}") = "DemoGuestLibrary", "DemoGuestLibrary\DemoGuestLibrary.csproj", "{C2FA66DB-0647-43BC-ACE5-37437A63686E}"
EndProject
Global
	GlobalSection(SolutionConfigurationPlatforms) = preSolution
		Debug|Any CPU = Debug|Any CPU
		Release|Any CPU = Release|Any CPU
	EndGlobalSection
	GlobalSection(ProjectConfigurationPlatforms) = postSolution
		{24FA0B09-927F-4955-ACFF-A5D9E860A24D}.Debug|Any CPU.ActiveCfg = Debug|Any CPU
		{24FA0B09-927F-4955-ACFF-A5D9E860A24D}.Debug|Any CPU.Build.0 = Debug|Any CPU
		{24FA0B09-927F-4955-ACFF-A5D9E860A24D}.Release|Any CPU.ActiveCfg = Release|Any CPU
		{24FA0B09-927F-4955-ACFF-A5D9E860A24D}.Release|Any CPU.Build.0 = Release|Any CPU
		{C2FA66DB-0647-43BC-ACE5-37437A63686E}.Debug|Any CPU.ActiveCfg = Debug|Any CPU
		{C2FA66DB-0647-43BC-ACE5-37437A63686E}.Debug|Any CPU.Build.0 = Debug|Any CPU
		{C2FA66DB-0647-43BC-ACE5-37437A63686E}.Release|Any CPU.ActiveCfg = Release|Any CPU
		{C2FA66DB-0647-43BC-ACE5-37437A63686E}.Release|Any CPU.Build.0 = Release|Any CPU
	EndGlobalSection
	GlobalSection(SolutionProperties) = preSolution
		HideSolutionNode = FALSE
	EndGlobalSection
	GlobalSection(ExtensibilityGlobals) = postSolution
		SolutionGuid = {B3BC55CD-C59A-4F23-A8BE-F27127415182}
	EndGlobalSection
EndGlobal
