
Microsoft Visual Studio Solution File, Format Version 12.00
# Visual Studio 15
VisualStudioVersion = 15.0.28307.271
MinimumVisualStudioVersion = 10.0.40219.1
Project("{FAE04EC0-301F-11D3-BF4B-00C04F79EFBC}") = "ConsoleUI", "ConsoleUI\ConsoleUI.csproj", "{D0D00F71-FC0A-495C-8D6C-7C0A9E893620}"
EndProject
Global
	GlobalSection(SolutionConfigurationPlatforms) = preSolution
		Debug|Any CPU = Debug|Any CPU
		Release|Any CPU = Release|Any CPU
	EndGlobalSection
	GlobalSection(ProjectConfigurationPlatforms) = postSolution
		{D0D00F71-FC0A-495C-8D6C-7C0A9E893620}.Debug|Any CPU.ActiveCfg = Debug|Any CPU
		{D0D00F71-FC0A-495C-8D6C-7C0A9E893620}.Debug|Any CPU.Build.0 = Debug|Any CPU
		{D0D00F71-FC0A-495C-8D6C-7C0A9E893620}.Release|Any CPU.ActiveCfg = Release|Any CPU
		{D0D00F71-FC0A-495C-8D6C-7C0A9E893620}.Release|Any CPU.Build.0 = Release|Any CPU
	EndGlobalSection
	GlobalSection(SolutionProperties) = preSolution
		HideSolutionNode = FALSE
	EndGlobalSection
	GlobalSection(ExtensibilityGlobals) = postSolution
		SolutionGuid = {D44DC7CD-123C-4A78-8E9A-FDE52CF70C81}
	EndGlobalSection
EndGlobal
