
Microsoft Visual Studio Solution File, Format Version 12.00
# Visual Studio Version 17
VisualStudioVersion = 17.13.35806.99 d17.13
MinimumVisualStudioVersion = 10.0.40219.1
Project("{FAE04EC0-301F-11D3-BF4B-00C04F79EFBC}") = "MVCTest", "MVCTest\MVCTest.csproj", "{C4F179AD-213C-470C-9C85-5585FF333DFE}"
EndProject
Global
	GlobalSection(SolutionConfigurationPlatforms) = preSolution
		Debug|Any CPU = Debug|Any CPU
		Release|Any CPU = Release|Any CPU
	EndGlobalSection
	GlobalSection(ProjectConfigurationPlatforms) = postSolution
		{C4F179AD-213C-470C-9C85-5585FF333DFE}.Debug|Any CPU.ActiveCfg = Debug|Any CPU
		{C4F179AD-213C-470C-9C85-5585FF333DFE}.Debug|Any CPU.Build.0 = Debug|Any CPU
		{C4F179AD-213C-470C-9C85-5585FF333DFE}.Release|Any CPU.ActiveCfg = Release|Any CPU
		{C4F179AD-213C-470C-9C85-5585FF333DFE}.Release|Any CPU.Build.0 = Release|Any CPU
	EndGlobalSection
	GlobalSection(SolutionProperties) = preSolution
		HideSolutionNode = FALSE
	EndGlobalSection
	GlobalSection(ExtensibilityGlobals) = postSolution
		SolutionGuid = {9A136AE8-4F9A-419C-B7F7-ECD6919FBE44}
	EndGlobalSection
EndGlobal
