
Microsoft Visual Studio Solution File, Format Version 12.00
# Visual Studio Version 17
VisualStudioVersion = 17.13.35806.99
MinimumVisualStudioVersion = 10.0.40219.1
Project("{FAE04EC0-301F-11D3-BF4B-00C04F79EFBC}") = "GenericsDemo", "GenericsDemo\GenericsDemo.csproj", "{2E3CB9DF-E530-48B5-9AC4-8ADF0E602CE2}"
EndProject
Project("{FAE04EC0-301F-11D3-BF4B-00C04F79EFBC}") = "UIHelperLibrary", "UIHelperLibrary\UIHelperLibrary.csproj", "{B8C20F2D-F520-4F1A-8D7B-83FD5E46C482}"
EndProject
Global
	GlobalSection(SolutionConfigurationPlatforms) = preSolution
		Debug|Any CPU = Debug|Any CPU
		Release|Any CPU = Release|Any CPU
	EndGlobalSection
	GlobalSection(ProjectConfigurationPlatforms) = postSolution
		{2E3CB9DF-E530-48B5-9AC4-8ADF0E602CE2}.Debug|Any CPU.ActiveCfg = Debug|Any CPU
		{2E3CB9DF-E530-48B5-9AC4-8ADF0E602CE2}.Debug|Any CPU.Build.0 = Debug|Any CPU
		{2E3CB9DF-E530-48B5-9AC4-8ADF0E602CE2}.Release|Any CPU.ActiveCfg = Release|Any CPU
		{2E3CB9DF-E530-48B5-9AC4-8ADF0E602CE2}.Release|Any CPU.Build.0 = Release|Any CPU
		{B8C20F2D-F520-4F1A-8D7B-83FD5E46C482}.Debug|Any CPU.ActiveCfg = Debug|Any CPU
		{B8C20F2D-F520-4F1A-8D7B-83FD5E46C482}.Debug|Any CPU.Build.0 = Debug|Any CPU
		{B8C20F2D-F520-4F1A-8D7B-83FD5E46C482}.Release|Any CPU.ActiveCfg = Release|Any CPU
		{B8C20F2D-F520-4F1A-8D7B-83FD5E46C482}.Release|Any CPU.Build.0 = Release|Any CPU
	EndGlobalSection
	GlobalSection(SolutionProperties) = preSolution
		HideSolutionNode = FALSE
	EndGlobalSection
	GlobalSection(ExtensibilityGlobals) = postSolution
		SolutionGuid = {3FD0025A-D88D-49DB-B52C-7CC007510EEF}
	EndGlobalSection
EndGlobal
