
Microsoft Visual Studio Solution File, Format Version 12.00
# Visual Studio Version 17
VisualStudioVersion = 17.13.35806.99 d17.13
MinimumVisualStudioVersion = 10.0.40219.1
Project("{FAE04EC0-301F-11D3-BF4B-00C04F79EFBC}") = "MethodOverrideDemo", "MethodOverrideDemo\MethodOverrideDemo.csproj", "{94617FEF-AA9B-4CAF-8075-0377023CF06B}"
EndProject
Global
	GlobalSection(SolutionConfigurationPlatforms) = preSolution
		Debug|Any CPU = Debug|Any CPU
		Release|Any CPU = Release|Any CPU
	EndGlobalSection
	GlobalSection(ProjectConfigurationPlatforms) = postSolution
		{94617FEF-AA9B-4CAF-8075-0377023CF06B}.Debug|Any CPU.ActiveCfg = Debug|Any CPU
		{94617FEF-AA9B-4CAF-8075-0377023CF06B}.Debug|Any CPU.Build.0 = Debug|Any CPU
		{94617FEF-AA9B-4CAF-8075-0377023CF06B}.Release|Any CPU.ActiveCfg = Release|Any CPU
		{94617FEF-AA9B-4CAF-8075-0377023CF06B}.Release|Any CPU.Build.0 = Release|Any CPU
	EndGlobalSection
	GlobalSection(SolutionProperties) = preSolution
		HideSolutionNode = FALSE
	EndGlobalSection
	GlobalSection(ExtensibilityGlobals) = postSolution
		SolutionGuid = {0CCE5FBB-720A-44DF-B83F-507EC3E06122}
	EndGlobalSection
EndGlobal
