
Microsoft Visual Studio Solution File, Format Version 12.00
# Visual Studio Version 17
VisualStudioVersion = 17.14.36109.1 d17.14
MinimumVisualStudioVersion = 10.0.40219.1
Project("{FAE04EC0-301F-11D3-BF4B-00C04F79EFBC}") = "SupportedWasm.Server", "SupportedWasm\Server\SupportedWasm.Server.csproj", "{A6DDD3B6-F85C-491D-9555-E53BB25C3BF9}"
EndProject
Project("{FAE04EC0-301F-11D3-BF4B-00C04F79EFBC}") = "SupportedWasm.Client", "SupportedWasm\Client\SupportedWasm.Client.csproj", "{76955628-6855-438B-940E-21A64E40C58D}"
EndProject
Project("{FAE04EC0-301F-11D3-BF4B-00C04F79EFBC}") = "SupportedWasm.Shared", "SupportedWasm\Shared\SupportedWasm.Shared.csproj", "{B24021EA-896F-45F3-BB7F-884910F1315E}"
EndProject
Global
	GlobalSection(SolutionConfigurationPlatforms) = preSolution
		Debug|Any CPU = Debug|Any CPU
		Release|Any CPU = Release|Any CPU
	EndGlobalSection
	GlobalSection(ProjectConfigurationPlatforms) = postSolution
		{A6DDD3B6-F85C-491D-9555-E53BB25C3BF9}.Debug|Any CPU.ActiveCfg = Debug|Any CPU
		{A6DDD3B6-F85C-491D-9555-E53BB25C3BF9}.Debug|Any CPU.Build.0 = Debug|Any CPU
		{A6DDD3B6-F85C-491D-9555-E53BB25C3BF9}.Release|Any CPU.ActiveCfg = Release|Any CPU
		{A6DDD3B6-F85C-491D-9555-E53BB25C3BF9}.Release|Any CPU.Build.0 = Release|Any CPU
		{76955628-6855-438B-940E-21A64E40C58D}.Debug|Any CPU.ActiveCfg = Debug|Any CPU
		{76955628-6855-438B-940E-21A64E40C58D}.Debug|Any CPU.Build.0 = Debug|Any CPU
		{76955628-6855-438B-940E-21A64E40C58D}.Release|Any CPU.ActiveCfg = Release|Any CPU
		{76955628-6855-438B-940E-21A64E40C58D}.Release|Any CPU.Build.0 = Release|Any CPU
		{B24021EA-896F-45F3-BB7F-884910F1315E}.Debug|Any CPU.ActiveCfg = Debug|Any CPU
		{B24021EA-896F-45F3-BB7F-884910F1315E}.Debug|Any CPU.Build.0 = Debug|Any CPU
		{B24021EA-896F-45F3-BB7F-884910F1315E}.Release|Any CPU.ActiveCfg = Release|Any CPU
		{B24021EA-896F-45F3-BB7F-884910F1315E}.Release|Any CPU.Build.0 = Release|Any CPU
	EndGlobalSection
	GlobalSection(SolutionProperties) = preSolution
		HideSolutionNode = FALSE
	EndGlobalSection
	GlobalSection(ExtensibilityGlobals) = postSolution
		SolutionGuid = {4C2ED394-0F5D-4EBB-9FB4-68CA5237E04C}
	EndGlobalSection
EndGlobal
