
Microsoft Visual Studio Solution File, Format Version 12.00
# Visual Studio Version 17
VisualStudioVersion = 17.14.36301.6 d17.14
MinimumVisualStudioVersion = 10.0.40219.1
Project("{FAE04EC0-301F-11D3-BF4B-00C04F79EFBC}") = "LinqUI", "LinqUI\LinqUI.csproj", "{F6709ACA-A22A-4281-9B4D-D01DA405326F}"
EndProject
Global
	GlobalSection(SolutionConfigurationPlatforms) = preSolution
		Debug|Any CPU = Debug|Any CPU
		Release|Any CPU = Release|Any CPU
	EndGlobalSection
	GlobalSection(ProjectConfigurationPlatforms) = postSolution
		{F6709ACA-A22A-4281-9B4D-D01DA405326F}.Debug|Any CPU.ActiveCfg = Debug|Any CPU
		{F6709ACA-A22A-4281-9B4D-D01DA405326F}.Debug|Any CPU.Build.0 = Debug|Any CPU
		{F6709ACA-A22A-4281-9B4D-D01DA405326F}.Release|Any CPU.ActiveCfg = Release|Any CPU
		{F6709ACA-A22A-4281-9B4D-D01DA405326F}.Release|Any CPU.Build.0 = Release|Any CPU
	EndGlobalSection
	GlobalSection(SolutionProperties) = preSolution
		HideSolutionNode = FALSE
	EndGlobalSection
	GlobalSection(ExtensibilityGlobals) = postSolution
		SolutionGuid = {C9B950A0-C304-4F1E-A88D-40A01DE24665}
	EndGlobalSection
EndGlobal
