
Microsoft Visual Studio Solution File, Format Version 12.00
# Visual Studio 15
VisualStudioVersion = 15.0.28307.271
MinimumVisualStudioVersion = 10.0.40219.1
Project("{FAE04EC0-301F-11D3-BF4B-00C04F79EFBC}") = "ConsoleUI", "ConsoleUI\ConsoleUI.csproj", "{45DD8D55-0CC5-46EE-9B26-D81A18BC7CC4}"
EndProject
Project("{FAE04EC0-301F-11D3-BF4B-00C04F79EFBC}") = "GuestBookLibrary", "GuestBookLibrary\GuestBookLibrary.csproj", "{0A8C6FE6-7381-4AB4-98D9-BCF6818D0D49}"
EndProject
Global
	GlobalSection(SolutionConfigurationPlatforms) = preSolution
		Debug|Any CPU = Debug|Any CPU
		Release|Any CPU = Release|Any CPU
	EndGlobalSection
	GlobalSection(ProjectConfigurationPlatforms) = postSolution
		{45DD8D55-0CC5-46EE-9B26-D81A18BC7CC4}.Debug|Any CPU.ActiveCfg = Debug|Any CPU
		{45DD8D55-0CC5-46EE-9B26-D81A18BC7CC4}.Debug|Any CPU.Build.0 = Debug|Any CPU
		{45DD8D55-0CC5-46EE-9B26-D81A18BC7CC4}.Release|Any CPU.ActiveCfg = Release|Any CPU
		{45DD8D55-0CC5-46EE-9B26-D81A18BC7CC4}.Release|Any CPU.Build.0 = Release|Any CPU
		{0A8C6FE6-7381-4AB4-98D9-BCF6818D0D49}.Debug|Any CPU.ActiveCfg = Debug|Any CPU
		{0A8C6FE6-7381-4AB4-98D9-BCF6818D0D49}.Debug|Any CPU.Build.0 = Debug|Any CPU
		{0A8C6FE6-7381-4AB4-98D9-BCF6818D0D49}.Release|Any CPU.ActiveCfg = Release|Any CPU
		{0A8C6FE6-7381-4AB4-98D9-BCF6818D0D49}.Release|Any CPU.Build.0 = Release|Any CPU
	EndGlobalSection
	GlobalSection(SolutionProperties) = preSolution
		HideSolutionNode = FALSE
	EndGlobalSection
	GlobalSection(ExtensibilityGlobals) = postSolution
		SolutionGuid = {E6EFC099-0AD1-4BE5-A563-A8E436C68B15}
	EndGlobalSection
EndGlobal
