
Microsoft Visual Studio Solution File, Format Version 12.00
# Visual Studio Version 16
VisualStudioVersion = 16.0.28902.138
MinimumVisualStudioVersion = 10.0.40219.1
Project("{FAE04EC0-301F-11D3-BF4B-00C04F79EFBC}") = "MethodOverrideDemo", "MethodOverrideDemo\MethodOverrideDemo.csproj", "{EF477D29-6213-4C2E-9E0E-882899A9A24D}"
EndProject
Global
	GlobalSection(SolutionConfigurationPlatforms) = preSolution
		Debug|Any CPU = Debug|Any CPU
		Release|Any CPU = Release|Any CPU
	EndGlobalSection
	GlobalSection(ProjectConfigurationPlatforms) = postSolution
		{EF477D29-6213-4C2E-9E0E-882899A9A24D}.Debug|Any CPU.ActiveCfg = Debug|Any CPU
		{EF477D29-6213-4C2E-9E0E-882899A9A24D}.Debug|Any CPU.Build.0 = Debug|Any CPU
		{EF477D29-6213-4C2E-9E0E-882899A9A24D}.Release|Any CPU.ActiveCfg = Release|Any CPU
		{EF477D29-6213-4C2E-9E0E-882899A9A24D}.Release|Any CPU.Build.0 = Release|Any CPU
	EndGlobalSection
	GlobalSection(SolutionProperties) = preSolution
		HideSolutionNode = FALSE
	EndGlobalSection
	GlobalSection(ExtensibilityGlobals) = postSolution
		SolutionGuid = {5A007081-457F-43B2-800F-8640D7A334C0}
	EndGlobalSection
EndGlobal
