
Microsoft Visual Studio Solution File, Format Version 12.00
# Visual Studio Version 17
VisualStudioVersion = 17.13.35806.99
MinimumVisualStudioVersion = 10.0.40219.1
Project("{FAE04EC0-301F-11D3-BF4B-00C04F79EFBC}") = "MiniProjectMVCContactData", "MiniProjectMVC\MiniProjectMVCContactData.csproj", "{83E528C0-C49D-4CD5-A342-F44C81F86383}"
EndProject
Global
	GlobalSection(SolutionConfigurationPlatforms) = preSolution
		Debug|Any CPU = Debug|Any CPU
		Release|Any CPU = Release|Any CPU
	EndGlobalSection
	GlobalSection(ProjectConfigurationPlatforms) = postSolution
		{83E528C0-C49D-4CD5-A342-F44C81F86383}.Debug|Any CPU.ActiveCfg = Debug|Any CPU
		{83E528C0-C49D-4CD5-A342-F44C81F86383}.Debug|Any CPU.Build.0 = Debug|Any CPU
		{83E528C0-C49D-4CD5-A342-F44C81F86383}.Release|Any CPU.ActiveCfg = Release|Any CPU
		{83E528C0-C49D-4CD5-A342-F44C81F86383}.Release|Any CPU.Build.0 = Release|Any CPU
	EndGlobalSection
	GlobalSection(SolutionProperties) = preSolution
		HideSolutionNode = FALSE
	EndGlobalSection
	GlobalSection(ExtensibilityGlobals) = postSolution
		SolutionGuid = {E2F91474-9875-4632-8C89-E0FE04F34441}
	EndGlobalSection
EndGlobal
