
Microsoft Visual Studio Solution File, Format Version 12.00
# Visual Studio Version 17
VisualStudioVersion = 17.12.35527.113 d17.12
MinimumVisualStudioVersion = 10.0.40219.1
Project("{FAE04EC0-301F-11D3-BF4B-00C04F79EFBC}") = "Dictionaries", "Dictionaries\Dictionaries.csproj", "{0F3F4408-52F6-442F-A77F-35A5535EE8EA}"
EndProject
Project("{FAE04EC0-301F-11D3-BF4B-00C04F79EFBC}") = "Enumerator", "Enumerator\Enumerator.csproj", "{8B4973B7-2009-4A7F-A862-14E0AEEC54B5}"
EndProject
Project("{FAE04EC0-301F-11D3-BF4B-00C04F79EFBC}") = "ListOfKeys", "ListOfKeys\ListOfKeys.csproj", "{6388AFE3-18C8-46A6-BE36-B557C39F7595}"
EndProject
Global
	GlobalSection(SolutionConfigurationPlatforms) = preSolution
		Debug|Any CPU = Debug|Any CPU
		Release|Any CPU = Release|Any CPU
	EndGlobalSection
	GlobalSection(ProjectConfigurationPlatforms) = postSolution
		{0F3F4408-52F6-442F-A77F-35A5535EE8EA}.Debug|Any CPU.ActiveCfg = Debug|Any CPU
		{0F3F4408-52F6-442F-A77F-35A5535EE8EA}.Debug|Any CPU.Build.0 = Debug|Any CPU
		{0F3F4408-52F6-442F-A77F-35A5535EE8EA}.Release|Any CPU.ActiveCfg = Release|Any CPU
		{0F3F4408-52F6-442F-A77F-35A5535EE8EA}.Release|Any CPU.Build.0 = Release|Any CPU
		{8B4973B7-2009-4A7F-A862-14E0AEEC54B5}.Debug|Any CPU.ActiveCfg = Debug|Any CPU
		{8B4973B7-2009-4A7F-A862-14E0AEEC54B5}.Debug|Any CPU.Build.0 = Debug|Any CPU
		{8B4973B7-2009-4A7F-A862-14E0AEEC54B5}.Release|Any CPU.ActiveCfg = Release|Any CPU
		{8B4973B7-2009-4A7F-A862-14E0AEEC54B5}.Release|Any CPU.Build.0 = Release|Any CPU
		{6388AFE3-18C8-46A6-BE36-B557C39F7595}.Debug|Any CPU.ActiveCfg = Debug|Any CPU
		{6388AFE3-18C8-46A6-BE36-B557C39F7595}.Debug|Any CPU.Build.0 = Debug|Any CPU
		{6388AFE3-18C8-46A6-BE36-B557C39F7595}.Release|Any CPU.ActiveCfg = Release|Any CPU
		{6388AFE3-18C8-46A6-BE36-B557C39F7595}.Release|Any CPU.Build.0 = Release|Any CPU
	EndGlobalSection
	GlobalSection(SolutionProperties) = preSolution
		HideSolutionNode = FALSE
	EndGlobalSection
EndGlobal
