
Microsoft Visual Studio Solution File, Format Version 12.00
# Visual Studio Version 17
VisualStudioVersion = 17.12.35527.113 d17.12
MinimumVisualStudioVersion = 10.0.40219.1
Project("{FAE04EC0-301F-11D3-BF4B-00C04F79EFBC}") = "AdvancedIf", "AdvancedIf\AdvancedIf.csproj", "{AAD016B0-49FC-4DFD-89A0-8607D87CEABF}"
EndProject
Global
	GlobalSection(SolutionConfigurationPlatforms) = preSolution
		Debug|Any CPU = Debug|Any CPU
		Release|Any CPU = Release|Any CPU
	EndGlobalSection
	GlobalSection(ProjectConfigurationPlatforms) = postSolution
		{AAD016B0-49FC-4DFD-89A0-8607D87CEABF}.Debug|Any CPU.ActiveCfg = Debug|Any CPU
		{AAD016B0-49FC-4DFD-89A0-8607D87CEABF}.Debug|Any CPU.Build.0 = Debug|Any CPU
		{AAD016B0-49FC-4DFD-89A0-8607D87CEABF}.Release|Any CPU.ActiveCfg = Release|Any CPU
		{AAD016B0-49FC-4DFD-89A0-8607D87CEABF}.Release|Any CPU.Build.0 = Release|Any CPU
	EndGlobalSection
	GlobalSection(SolutionProperties) = preSolution
		HideSolutionNode = FALSE
	EndGlobalSection
EndGlobal
